
Microsoft Visual Studio Solution File, Format Version 12.00
# Visual Studio Version 16
VisualStudioVersion = 16.0.33423.256
MinimumVisualStudioVersion = 10.0.40219.1
Project("{FAE04EC0-301F-11D3-BF4B-00C04F79EFBC}") = "task07.3", "task07.3\task07.3.csproj", "{0FB08E9A-7851-4217-8AB1-8BE7A644EDE9}"
EndProject
Global
	GlobalSection(SolutionConfigurationPlatforms) = preSolution
		Debug|Any CPU = Debug|Any CPU
		Release|Any CPU = Release|Any CPU
	EndGlobalSection
	GlobalSection(ProjectConfigurationPlatforms) = postSolution
		{0FB08E9A-7851-4217-8AB1-8BE7A644EDE9}.Debug|Any CPU.ActiveCfg = Debug|Any CPU
		{0FB08E9A-7851-4217-8AB1-8BE7A644EDE9}.Debug|Any CPU.Build.0 = Debug|Any CPU
		{0FB08E9A-7851-4217-8AB1-8BE7A644EDE9}.Release|Any CPU.ActiveCfg = Release|Any CPU
		{0FB08E9A-7851-4217-8AB1-8BE7A644EDE9}.Release|Any CPU.Build.0 = Release|Any CPU
	EndGlobalSection
	GlobalSection(SolutionProperties) = preSolution
		HideSolutionNode = FALSE
	EndGlobalSection
	GlobalSection(ExtensibilityGlobals) = postSolution
		SolutionGuid = {BDE10E0F-F46E-4244-B1BA-0F6C2F8628FE}
	EndGlobalSection
EndGlobal
