
Microsoft Visual Studio Solution File, Format Version 12.00
# Visual Studio Version 17
VisualStudioVersion = 17.9.34607.119
MinimumVisualStudioVersion = 10.0.40219.1
Project("{FAE04EC0-301F-11D3-BF4B-00C04F79EFBC}") = "Euclid", "Euclid\Euclid.csproj", "{8471487D-A7C3-4B9F-A1E0-A38729305CF1}"
EndProject
Project("{FAE04EC0-301F-11D3-BF4B-00C04F79EFBC}") = "EuclidConsoleApp", "EuclidConsoleApp\EuclidConsoleApp.csproj", "{D3209704-1922-478A-ABF7-B7F52646202E}"
EndProject
Project("{FAE04EC0-301F-11D3-BF4B-00C04F79EFBC}") = "Euclid.UnitTests", "Euclid.UnitTests\Euclid.UnitTests.csproj", "{BC146B49-7BFE-4858-A9C8-60AF629A1C0D}"
EndProject
Global
	GlobalSection(SolutionConfigurationPlatforms) = preSolution
		Debug|Any CPU = Debug|Any CPU
		Release|Any CPU = Release|Any CPU
	EndGlobalSection
	GlobalSection(ProjectConfigurationPlatforms) = postSolution
		{8471487D-A7C3-4B9F-A1E0-A38729305CF1}.Debug|Any CPU.ActiveCfg = Debug|Any CPU
		{8471487D-A7C3-4B9F-A1E0-A38729305CF1}.Debug|Any CPU.Build.0 = Debug|Any CPU
		{8471487D-A7C3-4B9F-A1E0-A38729305CF1}.Release|Any CPU.ActiveCfg = Release|Any CPU
		{8471487D-A7C3-4B9F-A1E0-A38729305CF1}.Release|Any CPU.Build.0 = Release|Any CPU
		{D3209704-1922-478A-ABF7-B7F52646202E}.Debug|Any CPU.ActiveCfg = Debug|Any CPU
		{D3209704-1922-478A-ABF7-B7F52646202E}.Debug|Any CPU.Build.0 = Debug|Any CPU
		{D3209704-1922-478A-ABF7-B7F52646202E}.Release|Any CPU.ActiveCfg = Release|Any CPU
		{D3209704-1922-478A-ABF7-B7F52646202E}.Release|Any CPU.Build.0 = Release|Any CPU
		{BC146B49-7BFE-4858-A9C8-60AF629A1C0D}.Debug|Any CPU.ActiveCfg = Debug|Any CPU
		{BC146B49-7BFE-4858-A9C8-60AF629A1C0D}.Debug|Any CPU.Build.0 = Debug|Any CPU
		{BC146B49-7BFE-4858-A9C8-60AF629A1C0D}.Release|Any CPU.ActiveCfg = Release|Any CPU
		{BC146B49-7BFE-4858-A9C8-60AF629A1C0D}.Release|Any CPU.Build.0 = Release|Any CPU
	EndGlobalSection
	GlobalSection(SolutionProperties) = preSolution
		HideSolutionNode = FALSE
	EndGlobalSection
	GlobalSection(ExtensibilityGlobals) = postSolution
		SolutionGuid = {6CCA6A44-20EC-45D9-8A9C-081B954EB64D}
	EndGlobalSection
EndGlobal
