
Microsoft Visual Studio Solution File, Format Version 12.00
# Visual Studio Version 17
VisualStudioVersion = 17.11.35327.3
MinimumVisualStudioVersion = 10.0.40219.1
Project("{FAE04EC0-301F-11D3-BF4B-00C04F79EFBC}") = "task10_3", "task10_3\task10_3.csproj", "{3A697B00-20F4-480A-B7B6-A31FFEDEEAB9}"
EndProject
Global
	GlobalSection(SolutionConfigurationPlatforms) = preSolution
		Debug|Any CPU = Debug|Any CPU
		Release|Any CPU = Release|Any CPU
	EndGlobalSection
	GlobalSection(ProjectConfigurationPlatforms) = postSolution
		{3A697B00-20F4-480A-B7B6-A31FFEDEEAB9}.Debug|Any CPU.ActiveCfg = Debug|Any CPU
		{3A697B00-20F4-480A-B7B6-A31FFEDEEAB9}.Debug|Any CPU.Build.0 = Debug|Any CPU
		{3A697B00-20F4-480A-B7B6-A31FFEDEEAB9}.Release|Any CPU.ActiveCfg = Release|Any CPU
		{3A697B00-20F4-480A-B7B6-A31FFEDEEAB9}.Release|Any CPU.Build.0 = Release|Any CPU
	EndGlobalSection
	GlobalSection(SolutionProperties) = preSolution
		HideSolutionNode = FALSE
	EndGlobalSection
	GlobalSection(ExtensibilityGlobals) = postSolution
		SolutionGuid = {94E842A6-2AEA-41CE-966F-C0532F8AC714}
	EndGlobalSection
EndGlobal
