
Microsoft Visual Studio Solution File, Format Version 12.00
# Visual Studio Version 17
VisualStudioVersion = 17.13.35931.197
MinimumVisualStudioVersion = 10.0.40219.1
Project("{FAE04EC0-301F-11D3-BF4B-00C04F79EFBC}") = "RightTriangleStruct", "RightTriangleStruct\RightTriangleStruct.csproj", "{6BD51E0C-6C7A-40E5-A87D-FCAF4B90E58A}"
EndProject
Project("{FAE04EC0-301F-11D3-BF4B-00C04F79EFBC}") = "RightTriangleStruct.UnitTests", "RightTriangleStruct.UnitTests\RightTriangleStruct.UnitTests.csproj", "{97045589-D915-4A54-BD6B-99CB72086A0D}"
EndProject
Global
	GlobalSection(SolutionConfigurationPlatforms) = preSolution
		Debug|Any CPU = Debug|Any CPU
		Release|Any CPU = Release|Any CPU
	EndGlobalSection
	GlobalSection(ProjectConfigurationPlatforms) = postSolution
		{6BD51E0C-6C7A-40E5-A87D-FCAF4B90E58A}.Debug|Any CPU.ActiveCfg = Debug|Any CPU
		{6BD51E0C-6C7A-40E5-A87D-FCAF4B90E58A}.Debug|Any CPU.Build.0 = Debug|Any CPU
		{6BD51E0C-6C7A-40E5-A87D-FCAF4B90E58A}.Release|Any CPU.ActiveCfg = Release|Any CPU
		{6BD51E0C-6C7A-40E5-A87D-FCAF4B90E58A}.Release|Any CPU.Build.0 = Release|Any CPU
		{97045589-D915-4A54-BD6B-99CB72086A0D}.Debug|Any CPU.ActiveCfg = Debug|Any CPU
		{97045589-D915-4A54-BD6B-99CB72086A0D}.Debug|Any CPU.Build.0 = Debug|Any CPU
		{97045589-D915-4A54-BD6B-99CB72086A0D}.Release|Any CPU.ActiveCfg = Release|Any CPU
		{97045589-D915-4A54-BD6B-99CB72086A0D}.Release|Any CPU.Build.0 = Release|Any CPU
	EndGlobalSection
	GlobalSection(SolutionProperties) = preSolution
		HideSolutionNode = FALSE
	EndGlobalSection
	GlobalSection(ExtensibilityGlobals) = postSolution
		SolutionGuid = {D290B29D-11CC-4E09-9A8B-0EC28D6ABD3D}
	EndGlobalSection
EndGlobal
