
Microsoft Visual Studio Solution File, Format Version 12.00
# Visual Studio Version 17
VisualStudioVersion = 17.11.35327.3
MinimumVisualStudioVersion = 10.0.40219.1
Project("{FAE04EC0-301F-11D3-BF4B-00C04F79EFBC}") = "OrderLibrary", "OrderLibrary\OrderLibrary.csproj", "{89573EC3-BFDB-4B3E-A2A5-FD685A524499}"
EndProject
Project("{9A19103F-16F7-4668-BE54-9A1E7A4F7556}") = "OrderLibrary.UnitTests", "OrderLibrary.UnitTests\OrderLibrary.UnitTests.csproj", "{EF13920B-9C02-4BA0-91CF-6F028B51F29D}"
EndProject
Global
	GlobalSection(SolutionConfigurationPlatforms) = preSolution
		Debug|Any CPU = Debug|Any CPU
		Release|Any CPU = Release|Any CPU
	EndGlobalSection
	GlobalSection(ProjectConfigurationPlatforms) = postSolution
		{89573EC3-BFDB-4B3E-A2A5-FD685A524499}.Debug|Any CPU.ActiveCfg = Debug|Any CPU
		{89573EC3-BFDB-4B3E-A2A5-FD685A524499}.Debug|Any CPU.Build.0 = Debug|Any CPU
		{89573EC3-BFDB-4B3E-A2A5-FD685A524499}.Release|Any CPU.ActiveCfg = Release|Any CPU
		{89573EC3-BFDB-4B3E-A2A5-FD685A524499}.Release|Any CPU.Build.0 = Release|Any CPU
		{EF13920B-9C02-4BA0-91CF-6F028B51F29D}.Debug|Any CPU.ActiveCfg = Debug|Any CPU
		{EF13920B-9C02-4BA0-91CF-6F028B51F29D}.Debug|Any CPU.Build.0 = Debug|Any CPU
		{EF13920B-9C02-4BA0-91CF-6F028B51F29D}.Release|Any CPU.ActiveCfg = Release|Any CPU
		{EF13920B-9C02-4BA0-91CF-6F028B51F29D}.Release|Any CPU.Build.0 = Release|Any CPU
	EndGlobalSection
	GlobalSection(SolutionProperties) = preSolution
		HideSolutionNode = FALSE
	EndGlobalSection
	GlobalSection(ExtensibilityGlobals) = postSolution
		SolutionGuid = {30DB342B-EC15-4AB8-AE30-343C1F3152D4}
	EndGlobalSection
EndGlobal
