
Microsoft Visual Studio Solution File, Format Version 12.00
# Visual Studio Version 17
VisualStudioVersion = 17.11.35327.3
MinimumVisualStudioVersion = 10.0.40219.1
Project("{FAE04EC0-301F-11D3-BF4B-00C04F79EFBC}") = "task10_6", "task10_6\task10_6.csproj", "{994530D2-352F-47DE-836C-8A3EFEC020C7}"
EndProject
Global
	GlobalSection(SolutionConfigurationPlatforms) = preSolution
		Debug|Any CPU = Debug|Any CPU
		Release|Any CPU = Release|Any CPU
	EndGlobalSection
	GlobalSection(ProjectConfigurationPlatforms) = postSolution
		{994530D2-352F-47DE-836C-8A3EFEC020C7}.Debug|Any CPU.ActiveCfg = Debug|Any CPU
		{994530D2-352F-47DE-836C-8A3EFEC020C7}.Debug|Any CPU.Build.0 = Debug|Any CPU
		{994530D2-352F-47DE-836C-8A3EFEC020C7}.Release|Any CPU.ActiveCfg = Release|Any CPU
		{994530D2-352F-47DE-836C-8A3EFEC020C7}.Release|Any CPU.Build.0 = Release|Any CPU
	EndGlobalSection
	GlobalSection(SolutionProperties) = preSolution
		HideSolutionNode = FALSE
	EndGlobalSection
	GlobalSection(ExtensibilityGlobals) = postSolution
		SolutionGuid = {1364A496-81DD-45DD-9795-C27149C6258B}
	EndGlobalSection
EndGlobal
